
Microsoft Visual Studio Solution File, Format Version 12.00
# Visual Studio 14
VisualStudioVersion = 14.0.25420.1
MinimumVisualStudioVersion = 10.0.40219.1
Project("{2150E333-8FDC-42A3-9474-1A3956D46DE8}") = "06 - API", "06 - API", "{846EA66D-6891-42D7-A5EB-33B000AB887F}"
EndProject
Project("{FAE04EC0-301F-11D3-BF4B-00C04F79EFBC}") = "iMe.Api", "iMe.Api\iMe.Api.csproj", "{D0D686E2-3C8C-4087-A042-ADC13C1CB4C2}"
	ProjectSection(ProjectDependencies) = postProject
		{031D1487-DB8E-4A44-98B8-4E915BCE080C} = {031D1487-DB8E-4A44-98B8-4E915BCE080C}
		{5205DEEF-2D6E-44FD-89F6-353BA3E86D01} = {5205DEEF-2D6E-44FD-89F6-353BA3E86D01}
	EndProjectSection
EndProject
Project("{2150E333-8FDC-42A3-9474-1A3956D46DE8}") = "03 - Business", "03 - Business", "{874738DB-AFAA-497E-B2DF-6AC99596CBE1}"
EndProject
Project("{FAE04EC0-301F-11D3-BF4B-00C04F79EFBC}") = "iMe.Dto", "Ime.Dto\iMe.Dto.csproj", "{55786136-F0C0-4136-A11B-0F25CEA00E07}"
EndProject
Project("{2150E333-8FDC-42A3-9474-1A3956D46DE8}") = "01 - Common", "01 - Common", "{6927A778-5B06-448A-A705-C6BB0F7B26D6}"
EndProject
Project("{FAE04EC0-301F-11D3-BF4B-00C04F79EFBC}") = "iMe.Bootstrapper", "iMe.Bootstrapper\iMe.Bootstrapper.csproj", "{10B31D72-2640-44ED-8835-3B31D5ACBD32}"
EndProject
Project("{FAE04EC0-301F-11D3-BF4B-00C04F79EFBC}") = "iMe.Interfaces", "iMe.Interfaces\iMe.Interfaces.csproj", "{4CA69625-14F1-4433-9BE1-0A3E7093E2B3}"
EndProject
Project("{FAE04EC0-301F-11D3-BF4B-00C04F79EFBC}") = "iMe.Mapper", "iMe.Mapper\iMe.Mapper.csproj", "{5205DEEF-2D6E-44FD-89F6-353BA3E86D01}"
EndProject
Project("{2150E333-8FDC-42A3-9474-1A3956D46DE8}") = "05 - Process", "05 - Process", "{6F8B451E-CF6C-412D-AA56-038752AF9E85}"
EndProject
Project("{2150E333-8FDC-42A3-9474-1A3956D46DE8}") = "04 - Integration", "04 - Integration", "{E388989E-E16E-48B0-B14A-D9EB96AD0119}"
EndProject
Project("{2150E333-8FDC-42A3-9474-1A3956D46DE8}") = "02 - Persistence", "02 - Persistence", "{0FFFEBF5-9E12-4B7E-A3CA-157EE7C5F53B}"
EndProject
Project("{FAE04EC0-301F-11D3-BF4B-00C04F79EFBC}") = "iMe.Integration", "iMe.Integration\iMe.Integration.csproj", "{B5A8DCD9-0A0A-4C58-B52F-3BDE3C329EBA}"
EndProject
Project("{FAE04EC0-301F-11D3-BF4B-00C04F79EFBC}") = "iMe.Integration.Test", "iMe.Integration.Test\iMe.Integration.Test.csproj", "{2A2107C0-3AB4-408A-8DB1-8BAD677DE2C9}"
EndProject
Project("{FAE04EC0-301F-11D3-BF4B-00C04F79EFBC}") = "iMe.Business", "iMe.Business\iMe.Business.csproj", "{031D1487-DB8E-4A44-98B8-4E915BCE080C}"
EndProject
Project("{FAE04EC0-301F-11D3-BF4B-00C04F79EFBC}") = "iMe.Common", "iMe.Common\iMe.Common.csproj", "{A080A19E-A0C7-4C44-9CA6-50954A10A7C4}"
EndProject
Project("{FAE04EC0-301F-11D3-BF4B-00C04F79EFBC}") = "iMe.Bootstrapper.Test", "iMe.Bootstrapper.Test\iMe.Bootstrapper.Test.csproj", "{6CF723FB-6B3B-4CBE-B693-63B74E6DF97E}"
EndProject
Project("{FAE04EC0-301F-11D3-BF4B-00C04F79EFBC}") = "iMe.Services", "iMe.Services\iMe.Services.csproj", "{241E6DAD-3D87-417D-80C1-02E95490B66B}"
EndProject
Project("{FAE04EC0-301F-11D3-BF4B-00C04F79EFBC}") = "iMe.IServices", "iMe.IServices\iMe.IServices.csproj", "{9A40AD0C-0BB8-46B1-BA8C-6F37CCF9F23B}"
EndProject
Global
	GlobalSection(SolutionConfigurationPlatforms) = preSolution
		Debug|Any CPU = Debug|Any CPU
		Release|Any CPU = Release|Any CPU
	EndGlobalSection
	GlobalSection(ProjectConfigurationPlatforms) = postSolution
		{D0D686E2-3C8C-4087-A042-ADC13C1CB4C2}.Debug|Any CPU.ActiveCfg = Debug|Any CPU
		{D0D686E2-3C8C-4087-A042-ADC13C1CB4C2}.Debug|Any CPU.Build.0 = Debug|Any CPU
		{D0D686E2-3C8C-4087-A042-ADC13C1CB4C2}.Release|Any CPU.ActiveCfg = Release|Any CPU
		{D0D686E2-3C8C-4087-A042-ADC13C1CB4C2}.Release|Any CPU.Build.0 = Release|Any CPU
		{55786136-F0C0-4136-A11B-0F25CEA00E07}.Debug|Any CPU.ActiveCfg = Debug|Any CPU
		{55786136-F0C0-4136-A11B-0F25CEA00E07}.Debug|Any CPU.Build.0 = Debug|Any CPU
		{55786136-F0C0-4136-A11B-0F25CEA00E07}.Release|Any CPU.ActiveCfg = Release|Any CPU
		{55786136-F0C0-4136-A11B-0F25CEA00E07}.Release|Any CPU.Build.0 = Release|Any CPU
		{10B31D72-2640-44ED-8835-3B31D5ACBD32}.Debug|Any CPU.ActiveCfg = Debug|Any CPU
		{10B31D72-2640-44ED-8835-3B31D5ACBD32}.Debug|Any CPU.Build.0 = Debug|Any CPU
		{10B31D72-2640-44ED-8835-3B31D5ACBD32}.Release|Any CPU.ActiveCfg = Release|Any CPU
		{10B31D72-2640-44ED-8835-3B31D5ACBD32}.Release|Any CPU.Build.0 = Release|Any CPU
		{4CA69625-14F1-4433-9BE1-0A3E7093E2B3}.Debug|Any CPU.ActiveCfg = Debug|Any CPU
		{4CA69625-14F1-4433-9BE1-0A3E7093E2B3}.Debug|Any CPU.Build.0 = Debug|Any CPU
		{4CA69625-14F1-4433-9BE1-0A3E7093E2B3}.Release|Any CPU.ActiveCfg = Release|Any CPU
		{4CA69625-14F1-4433-9BE1-0A3E7093E2B3}.Release|Any CPU.Build.0 = Release|Any CPU
		{5205DEEF-2D6E-44FD-89F6-353BA3E86D01}.Debug|Any CPU.ActiveCfg = Debug|Any CPU
		{5205DEEF-2D6E-44FD-89F6-353BA3E86D01}.Debug|Any CPU.Build.0 = Debug|Any CPU
		{5205DEEF-2D6E-44FD-89F6-353BA3E86D01}.Release|Any CPU.ActiveCfg = Release|Any CPU
		{5205DEEF-2D6E-44FD-89F6-353BA3E86D01}.Release|Any CPU.Build.0 = Release|Any CPU
		{B5A8DCD9-0A0A-4C58-B52F-3BDE3C329EBA}.Debug|Any CPU.ActiveCfg = Debug|Any CPU
		{B5A8DCD9-0A0A-4C58-B52F-3BDE3C329EBA}.Debug|Any CPU.Build.0 = Debug|Any CPU
		{B5A8DCD9-0A0A-4C58-B52F-3BDE3C329EBA}.Release|Any CPU.ActiveCfg = Release|Any CPU
		{B5A8DCD9-0A0A-4C58-B52F-3BDE3C329EBA}.Release|Any CPU.Build.0 = Release|Any CPU
		{2A2107C0-3AB4-408A-8DB1-8BAD677DE2C9}.Debug|Any CPU.ActiveCfg = Debug|Any CPU
		{2A2107C0-3AB4-408A-8DB1-8BAD677DE2C9}.Debug|Any CPU.Build.0 = Debug|Any CPU
		{2A2107C0-3AB4-408A-8DB1-8BAD677DE2C9}.Release|Any CPU.ActiveCfg = Release|Any CPU
		{2A2107C0-3AB4-408A-8DB1-8BAD677DE2C9}.Release|Any CPU.Build.0 = Release|Any CPU
		{031D1487-DB8E-4A44-98B8-4E915BCE080C}.Debug|Any CPU.ActiveCfg = Debug|Any CPU
		{031D1487-DB8E-4A44-98B8-4E915BCE080C}.Debug|Any CPU.Build.0 = Debug|Any CPU
		{031D1487-DB8E-4A44-98B8-4E915BCE080C}.Release|Any CPU.ActiveCfg = Release|Any CPU
		{031D1487-DB8E-4A44-98B8-4E915BCE080C}.Release|Any CPU.Build.0 = Release|Any CPU
		{A080A19E-A0C7-4C44-9CA6-50954A10A7C4}.Debug|Any CPU.ActiveCfg = Debug|Any CPU
		{A080A19E-A0C7-4C44-9CA6-50954A10A7C4}.Debug|Any CPU.Build.0 = Debug|Any CPU
		{A080A19E-A0C7-4C44-9CA6-50954A10A7C4}.Release|Any CPU.ActiveCfg = Release|Any CPU
		{A080A19E-A0C7-4C44-9CA6-50954A10A7C4}.Release|Any CPU.Build.0 = Release|Any CPU
		{6CF723FB-6B3B-4CBE-B693-63B74E6DF97E}.Debug|Any CPU.ActiveCfg = Debug|Any CPU
		{6CF723FB-6B3B-4CBE-B693-63B74E6DF97E}.Debug|Any CPU.Build.0 = Debug|Any CPU
		{6CF723FB-6B3B-4CBE-B693-63B74E6DF97E}.Release|Any CPU.ActiveCfg = Release|Any CPU
		{6CF723FB-6B3B-4CBE-B693-63B74E6DF97E}.Release|Any CPU.Build.0 = Release|Any CPU
		{241E6DAD-3D87-417D-80C1-02E95490B66B}.Debug|Any CPU.ActiveCfg = Debug|Any CPU
		{241E6DAD-3D87-417D-80C1-02E95490B66B}.Debug|Any CPU.Build.0 = Debug|Any CPU
		{241E6DAD-3D87-417D-80C1-02E95490B66B}.Release|Any CPU.ActiveCfg = Release|Any CPU
		{241E6DAD-3D87-417D-80C1-02E95490B66B}.Release|Any CPU.Build.0 = Release|Any CPU
		{9A40AD0C-0BB8-46B1-BA8C-6F37CCF9F23B}.Debug|Any CPU.ActiveCfg = Debug|Any CPU
		{9A40AD0C-0BB8-46B1-BA8C-6F37CCF9F23B}.Debug|Any CPU.Build.0 = Debug|Any CPU
		{9A40AD0C-0BB8-46B1-BA8C-6F37CCF9F23B}.Release|Any CPU.ActiveCfg = Release|Any CPU
		{9A40AD0C-0BB8-46B1-BA8C-6F37CCF9F23B}.Release|Any CPU.Build.0 = Release|Any CPU
	EndGlobalSection
	GlobalSection(SolutionProperties) = preSolution
		HideSolutionNode = FALSE
	EndGlobalSection
	GlobalSection(NestedProjects) = preSolution
		{D0D686E2-3C8C-4087-A042-ADC13C1CB4C2} = {846EA66D-6891-42D7-A5EB-33B000AB887F}
		{55786136-F0C0-4136-A11B-0F25CEA00E07} = {874738DB-AFAA-497E-B2DF-6AC99596CBE1}
		{10B31D72-2640-44ED-8835-3B31D5ACBD32} = {6927A778-5B06-448A-A705-C6BB0F7B26D6}
		{4CA69625-14F1-4433-9BE1-0A3E7093E2B3} = {874738DB-AFAA-497E-B2DF-6AC99596CBE1}
		{5205DEEF-2D6E-44FD-89F6-353BA3E86D01} = {874738DB-AFAA-497E-B2DF-6AC99596CBE1}
		{B5A8DCD9-0A0A-4C58-B52F-3BDE3C329EBA} = {E388989E-E16E-48B0-B14A-D9EB96AD0119}
		{2A2107C0-3AB4-408A-8DB1-8BAD677DE2C9} = {E388989E-E16E-48B0-B14A-D9EB96AD0119}
		{031D1487-DB8E-4A44-98B8-4E915BCE080C} = {874738DB-AFAA-497E-B2DF-6AC99596CBE1}
		{A080A19E-A0C7-4C44-9CA6-50954A10A7C4} = {6927A778-5B06-448A-A705-C6BB0F7B26D6}
		{6CF723FB-6B3B-4CBE-B693-63B74E6DF97E} = {6927A778-5B06-448A-A705-C6BB0F7B26D6}
		{241E6DAD-3D87-417D-80C1-02E95490B66B} = {874738DB-AFAA-497E-B2DF-6AC99596CBE1}
		{9A40AD0C-0BB8-46B1-BA8C-6F37CCF9F23B} = {874738DB-AFAA-497E-B2DF-6AC99596CBE1}
	EndGlobalSection
EndGlobal
