
Microsoft Visual Studio Solution File, Format Version 12.00
# Visual Studio 14
VisualStudioVersion = 14.0.25420.1
MinimumVisualStudioVersion = 10.0.40219.1
Project("{2150E333-8FDC-42A3-9474-1A3956D46DE8}") = "API", "API", "{846EA66D-6891-42D7-A5EB-33B000AB887F}"
EndProject
Project("{FAE04EC0-301F-11D3-BF4B-00C04F79EFBC}") = "iMe.Api", "iMe.Api\iMe.Api.csproj", "{D0D686E2-3C8C-4087-A042-ADC13C1CB4C2}"
EndProject
Project("{2150E333-8FDC-42A3-9474-1A3956D46DE8}") = "TwitterAccess", "TwitterAccess", "{4F127CC6-0ACE-4103-981D-B07A21A5C3C5}"
EndProject
Project("{FAE04EC0-301F-11D3-BF4B-00C04F79EFBC}") = "TwitterAccess.Test", "TwitterAccess.Test\TwitterAccess.Test.csproj", "{8B5BA77E-9979-46AB-8549-A26BB8707BEF}"
EndProject
Project("{2150E333-8FDC-42A3-9474-1A3956D46DE8}") = "Business", "Business", "{874738DB-AFAA-497E-B2DF-6AC99596CBE1}"
EndProject
Project("{FAE04EC0-301F-11D3-BF4B-00C04F79EFBC}") = "iMe.Dto", "Ime.Dto\iMe.Dto.csproj", "{55786136-F0C0-4136-A11B-0F25CEA00E07}"
EndProject
Project("{FAE04EC0-301F-11D3-BF4B-00C04F79EFBC}") = "TwitterAccess", "TwitterAccess\TwitterAccess.csproj", "{823D7955-9F8E-4601-9AE2-946DE171A06A}"
EndProject
Project("{FAE04EC0-301F-11D3-BF4B-00C04F79EFBC}") = "NetworkAccess", "NetworkAccess\NetworkAccess.csproj", "{4CA69625-14F1-4433-9BE1-0A3E7093E2B3}"
EndProject
Project("{2150E333-8FDC-42A3-9474-1A3956D46DE8}") = "Interfaces", "Interfaces", "{A8AEB428-F551-449C-BD04-C83B9D80FE51}"
EndProject
Project("{2150E333-8FDC-42A3-9474-1A3956D46DE8}") = "Common", "Common", "{6927A778-5B06-448A-A705-C6BB0F7B26D6}"
EndProject
Global
	GlobalSection(SolutionConfigurationPlatforms) = preSolution
		Debug|Any CPU = Debug|Any CPU
		Release|Any CPU = Release|Any CPU
	EndGlobalSection
	GlobalSection(ProjectConfigurationPlatforms) = postSolution
		{D0D686E2-3C8C-4087-A042-ADC13C1CB4C2}.Debug|Any CPU.ActiveCfg = Debug|Any CPU
		{D0D686E2-3C8C-4087-A042-ADC13C1CB4C2}.Debug|Any CPU.Build.0 = Debug|Any CPU
		{D0D686E2-3C8C-4087-A042-ADC13C1CB4C2}.Release|Any CPU.ActiveCfg = Release|Any CPU
		{D0D686E2-3C8C-4087-A042-ADC13C1CB4C2}.Release|Any CPU.Build.0 = Release|Any CPU
		{8B5BA77E-9979-46AB-8549-A26BB8707BEF}.Debug|Any CPU.ActiveCfg = Debug|Any CPU
		{8B5BA77E-9979-46AB-8549-A26BB8707BEF}.Debug|Any CPU.Build.0 = Debug|Any CPU
		{8B5BA77E-9979-46AB-8549-A26BB8707BEF}.Release|Any CPU.ActiveCfg = Release|Any CPU
		{8B5BA77E-9979-46AB-8549-A26BB8707BEF}.Release|Any CPU.Build.0 = Release|Any CPU
		{55786136-F0C0-4136-A11B-0F25CEA00E07}.Debug|Any CPU.ActiveCfg = Debug|Any CPU
		{55786136-F0C0-4136-A11B-0F25CEA00E07}.Debug|Any CPU.Build.0 = Debug|Any CPU
		{55786136-F0C0-4136-A11B-0F25CEA00E07}.Release|Any CPU.ActiveCfg = Release|Any CPU
		{55786136-F0C0-4136-A11B-0F25CEA00E07}.Release|Any CPU.Build.0 = Release|Any CPU
		{823D7955-9F8E-4601-9AE2-946DE171A06A}.Debug|Any CPU.ActiveCfg = Debug|Any CPU
		{823D7955-9F8E-4601-9AE2-946DE171A06A}.Debug|Any CPU.Build.0 = Debug|Any CPU
		{823D7955-9F8E-4601-9AE2-946DE171A06A}.Release|Any CPU.ActiveCfg = Release|Any CPU
		{823D7955-9F8E-4601-9AE2-946DE171A06A}.Release|Any CPU.Build.0 = Release|Any CPU
		{4CA69625-14F1-4433-9BE1-0A3E7093E2B3}.Debug|Any CPU.ActiveCfg = Debug|Any CPU
		{4CA69625-14F1-4433-9BE1-0A3E7093E2B3}.Debug|Any CPU.Build.0 = Debug|Any CPU
		{4CA69625-14F1-4433-9BE1-0A3E7093E2B3}.Release|Any CPU.ActiveCfg = Release|Any CPU
		{4CA69625-14F1-4433-9BE1-0A3E7093E2B3}.Release|Any CPU.Build.0 = Release|Any CPU
	EndGlobalSection
	GlobalSection(SolutionProperties) = preSolution
		HideSolutionNode = FALSE
	EndGlobalSection
	GlobalSection(NestedProjects) = preSolution
		{D0D686E2-3C8C-4087-A042-ADC13C1CB4C2} = {846EA66D-6891-42D7-A5EB-33B000AB887F}
		{4F127CC6-0ACE-4103-981D-B07A21A5C3C5} = {874738DB-AFAA-497E-B2DF-6AC99596CBE1}
		{8B5BA77E-9979-46AB-8549-A26BB8707BEF} = {4F127CC6-0ACE-4103-981D-B07A21A5C3C5}
		{55786136-F0C0-4136-A11B-0F25CEA00E07} = {6927A778-5B06-448A-A705-C6BB0F7B26D6}
		{823D7955-9F8E-4601-9AE2-946DE171A06A} = {4F127CC6-0ACE-4103-981D-B07A21A5C3C5}
		{4CA69625-14F1-4433-9BE1-0A3E7093E2B3} = {A8AEB428-F551-449C-BD04-C83B9D80FE51}
		{A8AEB428-F551-449C-BD04-C83B9D80FE51} = {874738DB-AFAA-497E-B2DF-6AC99596CBE1}
	EndGlobalSection
EndGlobal
